github.com/NOT-REAL-GAMES/BOULDER v0.0.0-20250928065418-e417304639f3 h1:MtGkhXBFGhedabWA4qU59LaOhXKnhZp+aksuMGo1xrk=
github.com/NOT-REAL-GAMES/BOULDER v0.0.0-20250928065418-e417304639f3/go.mod h1:FD86mVcH6LQrndsrD/+LrsSSVOu86dAp3FSo9vvpwNs=
github.com/NOT-REAL-GAMES/BOULDER v0.0.0-20250928075404-7e6f0ffcaa93 h1:I7tBHniA39VOsOS9SiDtltX6xZTO+38MyaOxHuAqZn0=
github.com/NOT-REAL-GAMES/BOULDER v0.0.0-20250928075404-7e6f0ffcaa93/go.mod h1:FD86mVcH6LQrndsrD/+LrsSSVOu86dAp3FSo9vvpwNs=
